
Microsoft Visual Studio Solution File, Format Version 12.00
# Visual Studio Version 17
VisualStudioVersion = 17.10.35122.118
MinimumVisualStudioVersion = 10.0.40219.1
Project("{9A19103F-16F7-4668-BE54-9A1E7A4F7556}") = "Princar.WebApi", "src\Princar.WebApi\Princar.WebApi.csproj", "{49CA3674-BFF6-4E8B-B676-A66AF2A63800}"
EndProject
Project("{2150E333-8FDC-42A3-9474-1A3956D46DE8}") = "01 - WebAPI", "01 - WebAPI", "{44A0C194-B63F-4450-8FEC-C710D11540E8}"
EndProject
Project("{2150E333-8FDC-42A3-9474-1A3956D46DE8}") = "02 - Domain", "02 - Domain", "{DE5BDC4C-AD1A-4EB5-9CBF-961655AAD893}"
EndProject
Project("{2150E333-8FDC-42A3-9474-1A3956D46DE8}") = "03 - Infra", "03 - Infra", "{52CF245C-C9EB-4444-A8D0-E010FAE1FBE1}"
EndProject
Project("{9A19103F-16F7-4668-BE54-9A1E7A4F7556}") = "Princar.Core.Domain", "src\Princar.Core.Domain\Princar.Core.Domain.csproj", "{A7672A1A-B59C-431C-81C5-7E8D32FA86F6}"
EndProject
Project("{9A19103F-16F7-4668-BE54-9A1E7A4F7556}") = "Princar.Infra.Data", "src\Princar.Infra.Data\Princar.Infra.Data.csproj", "{9930525B-4BC0-44FE-8B28-90F112F12D37}"
EndProject
Project("{9A19103F-16F7-4668-BE54-9A1E7A4F7556}") = "Princar.Seguranca.Domain", "src\Princar.Seguranca.Domain\Princar.Seguranca.Domain.csproj", "{808C680A-5EA6-4939-AF93-AC103B3A4696}"
EndProject
Global
	GlobalSection(SolutionConfigurationPlatforms) = preSolution
		Debug|Any CPU = Debug|Any CPU
		Release|Any CPU = Release|Any CPU
	EndGlobalSection
	GlobalSection(ProjectConfigurationPlatforms) = postSolution
		{49CA3674-BFF6-4E8B-B676-A66AF2A63800}.Debug|Any CPU.ActiveCfg = Debug|Any CPU
		{49CA3674-BFF6-4E8B-B676-A66AF2A63800}.Debug|Any CPU.Build.0 = Debug|Any CPU
		{49CA3674-BFF6-4E8B-B676-A66AF2A63800}.Release|Any CPU.ActiveCfg = Release|Any CPU
		{49CA3674-BFF6-4E8B-B676-A66AF2A63800}.Release|Any CPU.Build.0 = Release|Any CPU
		{A7672A1A-B59C-431C-81C5-7E8D32FA86F6}.Debug|Any CPU.ActiveCfg = Debug|Any CPU
		{A7672A1A-B59C-431C-81C5-7E8D32FA86F6}.Debug|Any CPU.Build.0 = Debug|Any CPU
		{A7672A1A-B59C-431C-81C5-7E8D32FA86F6}.Release|Any CPU.ActiveCfg = Release|Any CPU
		{A7672A1A-B59C-431C-81C5-7E8D32FA86F6}.Release|Any CPU.Build.0 = Release|Any CPU
		{9930525B-4BC0-44FE-8B28-90F112F12D37}.Debug|Any CPU.ActiveCfg = Debug|Any CPU
		{9930525B-4BC0-44FE-8B28-90F112F12D37}.Debug|Any CPU.Build.0 = Debug|Any CPU
		{9930525B-4BC0-44FE-8B28-90F112F12D37}.Release|Any CPU.ActiveCfg = Release|Any CPU
		{9930525B-4BC0-44FE-8B28-90F112F12D37}.Release|Any CPU.Build.0 = Release|Any CPU
		{808C680A-5EA6-4939-AF93-AC103B3A4696}.Debug|Any CPU.ActiveCfg = Debug|Any CPU
		{808C680A-5EA6-4939-AF93-AC103B3A4696}.Debug|Any CPU.Build.0 = Debug|Any CPU
		{808C680A-5EA6-4939-AF93-AC103B3A4696}.Release|Any CPU.ActiveCfg = Release|Any CPU
		{808C680A-5EA6-4939-AF93-AC103B3A4696}.Release|Any CPU.Build.0 = Release|Any CPU
	EndGlobalSection
	GlobalSection(SolutionProperties) = preSolution
		HideSolutionNode = FALSE
	EndGlobalSection
	GlobalSection(NestedProjects) = preSolution
		{49CA3674-BFF6-4E8B-B676-A66AF2A63800} = {44A0C194-B63F-4450-8FEC-C710D11540E8}
		{A7672A1A-B59C-431C-81C5-7E8D32FA86F6} = {DE5BDC4C-AD1A-4EB5-9CBF-961655AAD893}
		{9930525B-4BC0-44FE-8B28-90F112F12D37} = {52CF245C-C9EB-4444-A8D0-E010FAE1FBE1}
		{808C680A-5EA6-4939-AF93-AC103B3A4696} = {DE5BDC4C-AD1A-4EB5-9CBF-961655AAD893}
	EndGlobalSection
	GlobalSection(ExtensibilityGlobals) = postSolution
		SolutionGuid = {11A294B2-B1BC-42C1-AC6C-89D103986CF9}
	EndGlobalSection
EndGlobal
